
Microsoft Visual Studio Solution File, Format Version 12.00
# Visual Studio Version 17
VisualStudioVersion = 17.10.35027.167
MinimumVisualStudioVersion = 10.0.40219.1
Project("{FAE04EC0-301F-11D3-BF4B-00C04F79EFBC}") = "ReversePolishNotation", "ReversePolishNotation\ReversePolishNotation.csproj", "{C008F037-F54E-4F7A-91F2-122A077588F0}"
EndProject
Global
	GlobalSection(SolutionConfigurationPlatforms) = preSolution
		Debug|Any CPU = Debug|Any CPU
		Release|Any CPU = Release|Any CPU
	EndGlobalSection
	GlobalSection(ProjectConfigurationPlatforms) = postSolution
		{C008F037-F54E-4F7A-91F2-122A077588F0}.Debug|Any CPU.ActiveCfg = Debug|Any CPU
		{C008F037-F54E-4F7A-91F2-122A077588F0}.Debug|Any CPU.Build.0 = Debug|Any CPU
		{C008F037-F54E-4F7A-91F2-122A077588F0}.Release|Any CPU.ActiveCfg = Release|Any CPU
		{C008F037-F54E-4F7A-91F2-122A077588F0}.Release|Any CPU.Build.0 = Release|Any CPU
	EndGlobalSection
	GlobalSection(SolutionProperties) = preSolution
		HideSolutionNode = FALSE
	EndGlobalSection
	GlobalSection(ExtensibilityGlobals) = postSolution
		SolutionGuid = {EB8FB864-BE75-48B7-8E96-754B5CC230C7}
	EndGlobalSection
EndGlobal
